
Microsoft Visual Studio Solution File, Format Version 12.00
# Visual Studio Version 17
VisualStudioVersion = 17.8.34316.72
MinimumVisualStudioVersion = 10.0.40219.1
Project("{8BC9CEB8-8B4A-11D0-8D11-00A0C91BC942}") = "first_cpp", "first_cpp\first_cpp.vcxproj", "{0FD73BC0-9330-4372-A943-EEF854050AC2}"
EndProject
Global
	GlobalSection(SolutionConfigurationPlatforms) = preSolution
		Debug|x64 = Debug|x64
		Debug|x86 = Debug|x86
		Release|x64 = Release|x64
		Release|x86 = Release|x86
	EndGlobalSection
	GlobalSection(ProjectConfigurationPlatforms) = postSolution
		{0FD73BC0-9330-4372-A943-EEF854050AC2}.Debug|x64.ActiveCfg = Debug|x64
		{0FD73BC0-9330-4372-A943-EEF854050AC2}.Debug|x64.Build.0 = Debug|x64
		{0FD73BC0-9330-4372-A943-EEF854050AC2}.Debug|x86.ActiveCfg = Debug|Win32
		{0FD73BC0-9330-4372-A943-EEF854050AC2}.Debug|x86.Build.0 = Debug|Win32
		{0FD73BC0-9330-4372-A943-EEF854050AC2}.Release|x64.ActiveCfg = Release|x64
		{0FD73BC0-9330-4372-A943-EEF854050AC2}.Release|x64.Build.0 = Release|x64
		{0FD73BC0-9330-4372-A943-EEF854050AC2}.Release|x86.ActiveCfg = Release|Win32
		{0FD73BC0-9330-4372-A943-EEF854050AC2}.Release|x86.Build.0 = Release|Win32
	EndGlobalSection
	GlobalSection(SolutionProperties) = preSolution
		HideSolutionNode = FALSE
	EndGlobalSection
	GlobalSection(ExtensibilityGlobals) = postSolution
		SolutionGuid = {C57D48B4-C694-4529-AAA4-98D14C39FD2F}
	EndGlobalSection
EndGlobal
